{
  "name": "popcornperspective-backend",
  "lockfileVersion": 2,
  "requires": true,
  "packages": {
    "": {
      "dependencies": {
        "dotenv": "^13.0.0"
      }
    },
    "node_modules/dotenv": {
      "version": "13.0.0",
      "resolved": "https://registry.npmjs.org/dotenv/-/dotenv-13.0.0.tgz",
      "integrity": "sha512-eVAD2DMFP/5uE1NIOu9nxzjvmDDPiRqEP3nSHS+Vvs/S8fk4m1AX4eh1QIs95N2wBc8mvXiOQKZGtGywlIVlng==",
      "engines": {
        "node": ">=12"
      }
    }
  },
  "dependencies": {
    "dotenv": {
      "version": "13.0.0",
      "resolved": "https://registry.npmjs.org/dotenv/-/dotenv-13.0.0.tgz",
      "integrity": "sha512-eVAD2DMFP/5uE1NIOu9nxzjvmDDPiRqEP3nSHS+Vvs/S8fk4m1AX4eh1QIs95N2wBc8mvXiOQKZGtGywlIVlng=="
    }
  }
}
